// !$*UTF8*$!
{
	archiveVersion = 1;
	classes = {
	};
	objectVersion = 56;
	objects = {

/* Begin PBXBuildFile section */
		529DF4BC29F2DF4900432881 /* contact_applicationApp.swift in Sources */ = {isa = PBXBuildFile; fileRef = 529DF4BB29F2DF4900432881 /* contact_applicationApp.swift */; };
		529DF4BE29F2DF4900432881 /* ContentView.swift in Sources */ = {isa = PBXBuildFile; fileRef = 529DF4BD29F2DF4900432881 /* ContentView.swift */; };
		529DF4C029F2DF4A00432881 /* Assets.xcassets in Resources */ = {isa = PBXBuildFile; fileRef = 529DF4BF29F2DF4A00432881 /* Assets.xcassets */; };
		529DF4C329F2DF4A00432881 /* Preview Assets.xcassets in Resources */ = {isa = PBXBuildFile; fileRef = 529DF4C229F2DF4A00432881 /* Preview Assets.xcassets */; };
		529DF4CD29F2DF4B00432881 /* contact_applicationTests.swift in Sources */ = {isa = PBXBuildFile; fileRef = 529DF4CC29F2DF4B00432881 /* contact_applicationTests.swift */; };
		529DF4D729F2DF4B00432881 /* contact_applicationUITests.swift in Sources */ = {isa = PBXBuildFile; fileRef = 529DF4D629F2DF4B00432881 /* contact_applicationUITests.swift */; };
		529DF4D929F2DF4B00432881 /* contact_applicationUITestsLaunchTests.swift in Sources */ = {isa = PBXBuildFile; fileRef = 529DF4D829F2DF4B00432881 /* contact_applicationUITestsLaunchTests.swift */; };
		529DF4E829F2E80A00432881 /* PersonDetails.swift in Sources */ = {isa = PBXBuildFile; fileRef = 529DF4E729F2E80A00432881 /* PersonDetails.swift */; };
/* End PBXBuildFile section */

/* Begin PBXContainerItemProxy section */
		529DF4C929F2DF4B00432881 /* PBXContainerItemProxy */ = {
			isa = PBXContainerItemProxy;
			containerPortal = 529DF4B029F2DF4900432881 /* Project object */;
			proxyType = 1;
			remoteGlobalIDString = 529DF4B729F2DF4900432881;
			remoteInfo = "contact-application";
		};
		529DF4D329F2DF4B00432881 /* PBXContainerItemProxy */ = {
			isa = PBXContainerItemProxy;
			containerPortal = 529DF4B029F2DF4900432881 /* Project object */;
			proxyType = 1;
			remoteGlobalIDString = 529DF4B729F2DF4900432881;
			remoteInfo = "contact-application";
		};
/* End PBXContainerItemProxy section */

/* Begin PBXFileReference section */
		529DF4B829F2DF4900432881 /* contact-application.app */ = {isa = PBXFileReference; explicitFileType = wrapper.application; includeInIndex = 0; path = "contact-application.app"; sourceTree = BUILT_PRODUCTS_DIR; };
		529DF4BB29F2DF4900432881 /* contact_applicationApp.swift */ = {isa = PBXFileReference; lastKnownFileType = sourcecode.swift; path = contact_applicationApp.swift; sourceTree = "<group>"; };
		529DF4BD29F2DF4900432881 /* ContentView.swift */ = {isa = PBXFileReference; lastKnownFileType = sourcecode.swift; path = ContentView.swift; sourceTree = "<group>"; };
		529DF4BF29F2DF4A00432881 /* Assets.xcassets */ = {isa = PBXFileReference; lastKnownFileType = folder.assetcatalog; path = Assets.xcassets; sourceTree = "<group>"; };
		529DF4C229F2DF4A00432881 /* Preview Assets.xcassets */ = {isa = PBXFileReference; lastKnownFileType = folder.assetcatalog; path = "Preview Assets.xcassets"; sourceTree = "<group>"; };
		529DF4C829F2DF4B00432881 /* contact-applicationTests.xctest */ = {isa = PBXFileReference; explicitFileType = wrapper.cfbundle; includeInIndex = 0; path = "contact-applicationTests.xctest"; sourceTree = BUILT_PRODUCTS_DIR; };
		529DF4CC29F2DF4B00432881 /* contact_applicationTests.swift */ = {isa = PBXFileReference; lastKnownFileType = sourcecode.swift; path = contact_applicationTests.swift; sourceTree = "<group>"; };
		529DF4D229F2DF4B00432881 /* contact-applicationUITests.xctest */ = {isa = PBXFileReference; explicitFileType = wrapper.cfbundle; includeInIndex = 0; path = "contact-applicationUITests.xctest"; sourceTree = BUILT_PRODUCTS_DIR; };
		529DF4D629F2DF4B00432881 /* contact_applicationUITests.swift */ = {isa = PBXFileReference; lastKnownFileType = sourcecode.swift; path = contact_applicationUITests.swift; sourceTree = "<group>"; };
		529DF4D829F2DF4B00432881 /* contact_applicationUITestsLaunchTests.swift */ = {isa = PBXFileReference; lastKnownFileType = sourcecode.swift; path = contact_applicationUITestsLaunchTests.swift; sourceTree = "<group>"; };
		529DF4E529F2E0AB00432881 /* contact.json */ = {isa = PBXFileReference; lastKnownFileType = text.json; path = contact.json; sourceTree = "<group>"; };
		529DF4E729F2E80A00432881 /* PersonDetails.swift */ = {isa = PBXFileReference; lastKnownFileType = sourcecode.swift; path = PersonDetails.swift; sourceTree = "<group>"; };
/* End PBXFileReference section */

/* Begin PBXFrameworksBuildPhase section */
		529DF4B529F2DF4900432881 /* Frameworks */ = {
			isa = PBXFrameworksBuildPhase;
			buildActionMask = 2147483647;
			files = (
			);
			runOnlyForDeploymentPostprocessing = 0;
		};
		529DF4C529F2DF4B00432881 /* Frameworks */ = {
			isa = PBXFrameworksBuildPhase;
			buildActionMask = 2147483647;
			files = (
			);
			runOnlyForDeploymentPostprocessing = 0;
		};
		529DF4CF29F2DF4B00432881 /* Frameworks */ = {
			isa = PBXFrameworksBuildPhase;
			buildActionMask = 2147483647;
			files = (
			);
			runOnlyForDeploymentPostprocessing = 0;
		};
/* End PBXFrameworksBuildPhase section */

/* Begin PBXGroup section */
		529DF4AF29F2DF4900432881 = {
			isa = PBXGroup;
			children = (
				529DF4BA29F2DF4900432881 /* contact-application */,
				529DF4CB29F2DF4B00432881 /* contact-applicationTests */,
				529DF4D529F2DF4B00432881 /* contact-applicationUITests */,
				529DF4B929F2DF4900432881 /* Products */,
			);
			sourceTree = "<group>";
		};
		529DF4B929F2DF4900432881 /* Products */ = {
			isa = PBXGroup;
			children = (
				529DF4B829F2DF4900432881 /* contact-application.app */,
				529DF4C829F2DF4B00432881 /* contact-applicationTests.xctest */,
				529DF4D229F2DF4B00432881 /* contact-applicationUITests.xctest */,
			);
			name = Products;
			sourceTree = "<group>";
		};
		529DF4BA29F2DF4900432881 /* contact-application */ = {
			isa = PBXGroup;
			children = (
				529DF4E629F2E7EA00432881 /* Model */,
				529DF4BB29F2DF4900432881 /* contact_applicationApp.swift */,
				529DF4BD29F2DF4900432881 /* ContentView.swift */,
				529DF4BF29F2DF4A00432881 /* Assets.xcassets */,
				529DF4E529F2E0AB00432881 /* contact.json */,
				529DF4C129F2DF4A00432881 /* Preview Content */,
			);
			path = "contact-application";
			sourceTree = "<group>";
		};
		529DF4C129F2DF4A00432881 /* Preview Content */ = {
			isa = PBXGroup;
			children = (
				529DF4C229F2DF4A00432881 /* Preview Assets.xcassets */,
			);
			path = "Preview Content";
			sourceTree = "<group>";
		};
		529DF4CB29F2DF4B00432881 /* contact-applicationTests */ = {
			isa = PBXGroup;
			children = (
				529DF4CC29F2DF4B00432881 /* contact_applicationTests.swift */,
			);
			path = "contact-applicationTests";
			sourceTree = "<group>";
		};
		529DF4D529F2DF4B00432881 /* contact-applicationUITests */ = {
			isa = PBXGroup;
			children = (
				529DF4D629F2DF4B00432881 /* contact_applicationUITests.swift */,
				529DF4D829F2DF4B00432881 /* contact_applicationUITestsLaunchTests.swift */,
			);
			path = "contact-applicationUITests";
			sourceTree = "<group>";
		};
		529DF4E629F2E7EA00432881 /* Model */ = {
			isa = PBXGroup;
			children = (
				529DF4E729F2E80A00432881 /* PersonDetails.swift */,
			);
			path = Model;
			sourceTree = "<group>";
		};
/* End PBXGroup section */

/* Begin PBXNativeTarget section */
		529DF4B729F2DF4900432881 /* contact-application */ = {
			isa = PBXNativeTarget;
			buildConfigurationList = 529DF4DC29F2DF4B00432881 /* Build configuration list for PBXNativeTarget "contact-application" */;
			buildPhases = (
				529DF4B429F2DF4900432881 /* Sources */,
				529DF4B529F2DF4900432881 /* Frameworks */,
				529DF4B629F2DF4900432881 /* Resources */,
			);
			buildRules = (
			);
			dependencies = (
			);
			name = "contact-application";
			productName = "contact-application";
			productReference = 529DF4B829F2DF4900432881 /* contact-application.app */;
			productType = "com.apple.product-type.application";
		};
		529DF4C729F2DF4B00432881 /* contact-applicationTests */ = {
			isa = PBXNativeTarget;
			buildConfigurationList = 529DF4DF29F2DF4B00432881 /* Build configuration list for PBXNativeTarget "contact-applicationTests" */;
			buildPhases = (
				529DF4C429F2DF4B00432881 /* Sources */,
				529DF4C529F2DF4B00432881 /* Frameworks */,
				529DF4C629F2DF4B00432881 /* Resources */,
			);
			buildRules = (
			);
			dependencies = (
				529DF4CA29F2DF4B00432881 /* PBXTargetDependency */,
			);
			name = "contact-applicationTests";
			productName = "contact-applicationTests";
			productReference = 529DF4C829F2DF4B00432881 /* contact-applicationTests.xctest */;
			productType = "com.apple.product-type.bundle.unit-test";
		};
		529DF4D129F2DF4B00432881 /* contact-applicationUITests */ = {
			isa = PBXNativeTarget;
			buildConfigurationList = 529DF4E229F2DF4B00432881 /* Build configuration list for PBXNativeTarget "contact-applicationUITests" */;
			buildPhases = (
				529DF4CE29F2DF4B00432881 /* Sources */,
				529DF4CF29F2DF4B00432881 /* Frameworks */,
				529DF4D029F2DF4B00432881 /* Resources */,
			);
			buildRules = (
			);
			dependencies = (
				529DF4D429F2DF4B00432881 /* PBXTargetDependency */,
			);
			name = "contact-applicationUITests";
			productName = "contact-applicationUITests";
			productReference = 529DF4D229F2DF4B00432881 /* contact-applicationUITests.xctest */;
			productType = "com.apple.product-type.bundle.ui-testing";
		};
/* End PBXNativeTarget section */

/* Begin PBXProject section */
		529DF4B029F2DF4900432881 /* Project object */ = {
			isa = PBXProject;
			attributes = {
				BuildIndependentTargetsInParallel = 1;
				LastSwiftUpdateCheck = 1410;
				LastUpgradeCheck = 1410;
				TargetAttributes = {
					529DF4B729F2DF4900432881 = {
						CreatedOnToolsVersion = 14.1;
					};
					529DF4C729F2DF4B00432881 = {
						CreatedOnToolsVersion = 14.1;
						TestTargetID = 529DF4B729F2DF4900432881;
					};
					529DF4D129F2DF4B00432881 = {
						CreatedOnToolsVersion = 14.1;
						TestTargetID = 529DF4B729F2DF4900432881;
					};
				};
			};
			buildConfigurationList = 529DF4B329F2DF4900432881 /* Build configuration list for PBXProject "contact-application" */;
			compatibilityVersion = "Xcode 14.0";
			developmentRegion = en;
			hasScannedForEncodings = 0;
			knownRegions = (
				en,
				Base,
			);
			mainGroup = 529DF4AF29F2DF4900432881;
			productRefGroup = 529DF4B929F2DF4900432881 /* Products */;
			projectDirPath = "";
			projectRoot = "";
			targets = (
				529DF4B729F2DF4900432881 /* contact-application */,
				529DF4C729F2DF4B00432881 /* contact-applicationTests */,
				529DF4D129F2DF4B00432881 /* contact-applicationUITests */,
			);
		};
/* End PBXProject section */

/* Begin PBXResourcesBuildPhase section */
		529DF4B629F2DF4900432881 /* Resources */ = {
			isa = PBXResourcesBuildPhase;
			buildActionMask = 2147483647;
			files = (
				529DF4C329F2DF4A00432881 /* Preview Assets.xcassets in Resources */,
				529DF4C029F2DF4A00432881 /* Assets.xcassets in Resources */,
			);
			runOnlyForDeploymentPostprocessing = 0;
		};
		529DF4C629F2DF4B00432881 /* Resources */ = {
			isa = PBXResourcesBuildPhase;
			buildActionMask = 2147483647;
			files = (
			);
			runOnlyForDeploymentPostprocessing = 0;
		};
		529DF4D029F2DF4B00432881 /* Resources */ = {
			isa = PBXResourcesBuildPhase;
			buildActionMask = 2147483647;
			files = (
			);
			runOnlyForDeploymentPostprocessing = 0;
		};
/* End PBXResourcesBuildPhase section */

/* Begin PBXSourcesBuildPhase section */
		529DF4B429F2DF4900432881 /* Sources */ = {
			isa = PBXSourcesBuildPhase;
			buildActionMask = 2147483647;
			files = (
				529DF4E829F2E80A00432881 /* PersonDetails.swift in Sources */,
				529DF4BE29F2DF4900432881 /* ContentView.swift in Sources */,
				529DF4BC29F2DF4900432881 /* contact_applicationApp.swift in Sources */,
			);
			runOnlyForDeploymentPostprocessing = 0;
		};
		529DF4C429F2DF4B00432881 /* Sources */ = {
			isa = PBXSourcesBuildPhase;
			buildActionMask = 2147483647;
			files = (
				529DF4CD29F2DF4B00432881 /* contact_applicationTests.swift in Sources */,
			);
			runOnlyForDeploymentPostprocessing = 0;
		};
		529DF4CE29F2DF4B00432881 /* Sources */ = {
			isa = PBXSourcesBuildPhase;
			buildActionMask = 2147483647;
			files = (
				529DF4D929F2DF4B00432881 /* contact_applicationUITestsLaunchTests.swift in Sources */,
				529DF4D729F2DF4B00432881 /* contact_applicationUITests.swift in Sources */,
			);
			runOnlyForDeploymentPostprocessing = 0;
		};
/* End PBXSourcesBuildPhase section */

/* Begin PBXTargetDependency section */
		529DF4CA29F2DF4B00432881 /* PBXTargetDependency */ = {
			isa = PBXTargetDependency;
			target = 529DF4B729F2DF4900432881 /* contact-application */;
			targetProxy = 529DF4C929F2DF4B00432881 /* PBXContainerItemProxy */;
		};
		529DF4D429F2DF4B00432881 /* PBXTargetDependency */ = {
			isa = PBXTargetDependency;
			target = 529DF4B729F2DF4900432881 /* contact-application */;
			targetProxy = 529DF4D329F2DF4B00432881 /* PBXContainerItemProxy */;
		};
/* End PBXTargetDependency section */

/* Begin XCBuildConfiguration section */
		529DF4DA29F2DF4B00432881 /* Debug */ = {
			isa = XCBuildConfiguration;
			buildSettings = {
				ALWAYS_SEARCH_USER_PATHS = NO;
				CLANG_ANALYZER_NONNULL = YES;
				CLANG_ANALYZER_NUMBER_OBJECT_CONVERSION = YES_AGGRESSIVE;
				CLANG_CXX_LANGUAGE_STANDARD = "gnu++20";
				CLANG_ENABLE_MODULES = YES;
				CLANG_ENABLE_OBJC_ARC = YES;
				CLANG_ENABLE_OBJC_WEAK = YES;
				CLANG_WARN_BLOCK_CAPTURE_AUTORELEASING = YES;
				CLANG_WARN_BOOL_CONVERSION = YES;
				CLANG_WARN_COMMA = YES;
				CLANG_WARN_CONSTANT_CONVERSION = YES;
				CLANG_WARN_DEPRECATED_OBJC_IMPLEMENTATIONS = YES;
				CLANG_WARN_DIRECT_OBJC_ISA_USAGE = YES_ERROR;
				CLANG_WARN_DOCUMENTATION_COMMENTS = YES;
				CLANG_WARN_EMPTY_BODY = YES;
				CLANG_WARN_ENUM_CONVERSION = YES;
				CLANG_WARN_INFINITE_RECURSION = YES;
				CLANG_WARN_INT_CONVERSION = YES;
				CLANG_WARN_NON_LITERAL_NULL_CONVERSION = YES;
				CLANG_WARN_OBJC_IMPLICIT_RETAIN_SELF = YES;
				CLANG_WARN_OBJC_LITERAL_CONVERSION = YES;
				CLANG_WARN_OBJC_ROOT_CLASS = YES_ERROR;
				CLANG_WARN_QUOTED_INCLUDE_IN_FRAMEWORK_HEADER = YES;
				CLANG_WARN_RANGE_LOOP_ANALYSIS = YES;
				CLANG_WARN_STRICT_PROTOTYPES = YES;
				CLANG_WARN_SUSPICIOUS_MOVE = YES;
				CLANG_WARN_UNGUARDED_AVAILABILITY = YES_AGGRESSIVE;
				CLANG_WARN_UNREACHABLE_CODE = YES;
				CLANG_WARN__DUPLICATE_METHOD_MATCH = YES;
				COPY_PHASE_STRIP = NO;
				DEBUG_INFORMATION_FORMAT = dwarf;
				ENABLE_STRICT_OBJC_MSGSEND = YES;
				ENABLE_TESTABILITY = YES;
				GCC_C_LANGUAGE_STANDARD = gnu11;
				GCC_DYNAMIC_NO_PIC = NO;
				GCC_NO_COMMON_BLOCKS = YES;
				GCC_OPTIMIZATION_LEVEL = 0;
				GCC_PREPROCESSOR_DEFINITIONS = (
					"DEBUG=1",
					"$(inherited)",
				);
				GCC_WARN_64_TO_32_BIT_CONVERSION = YES;
				GCC_WARN_ABOUT_RETURN_TYPE = YES_ERROR;
				GCC_WARN_UNDECLARED_SELECTOR = YES;
				GCC_WARN_UNINITIALIZED_AUTOS = YES_AGGRESSIVE;
				GCC_WARN_UNUSED_FUNCTION = YES;
				GCC_WARN_UNUSED_VARIABLE = YES;
				IPHONEOS_DEPLOYMENT_TARGET = 16.1;
				MTL_ENABLE_DEBUG_INFO = INCLUDE_SOURCE;
				MTL_FAST_MATH = YES;
				ONLY_ACTIVE_ARCH = YES;
				SDKROOT = iphoneos;
				SWIFT_ACTIVE_COMPILATION_CONDITIONS = DEBUG;
				SWIFT_OPTIMIZATION_LEVEL = "-Onone";
			};
			name = Debug;
		};
		529DF4DB29F2DF4B00432881 /* Release */ = {
			isa = XCBuildConfiguration;
			buildSettings = {
				ALWAYS_SEARCH_USER_PATHS = NO;
				CLANG_ANALYZER_NONNULL = YES;
				CLANG_ANALYZER_NUMBER_OBJECT_CONVERSION = YES_AGGRESSIVE;
				CLANG_CXX_LANGUAGE_STANDARD = "gnu++20";
				CLANG_ENABLE_MODULES = YES;
				CLANG_ENABLE_OBJC_ARC = YES;
				CLANG_ENABLE_OBJC_WEAK = YES;
				CLANG_WARN_BLOCK_CAPTURE_AUTORELEASING = YES;
				CLANG_WARN_BOOL_CONVERSION = YES;
				CLANG_WARN_COMMA = YES;
				CLANG_WARN_CONSTANT_CONVERSION = YES;
				CLANG_WARN_DEPRECATED_OBJC_IMPLEMENTATIONS = YES;
				CLANG_WARN_DIRECT_OBJC_ISA_USAGE = YES_ERROR;
				CLANG_WARN_DOCUMENTATION_COMMENTS = YES;
				CLANG_WARN_EMPTY_BODY = YES;
				CLANG_WARN_ENUM_CONVERSION = YES;
				CLANG_WARN_INFINITE_RECURSION = YES;
				CLANG_WARN_INT_CONVERSION = YES;
				CLANG_WARN_NON_LITERAL_NULL_CONVERSION = YES;
				CLANG_WARN_OBJC_IMPLICIT_RETAIN_SELF = YES;
				CLANG_WARN_OBJC_LITERAL_CONVERSION = YES;
				CLANG_WARN_OBJC_ROOT_CLASS = YES_ERROR;
				CLANG_WARN_QUOTED_INCLUDE_IN_FRAMEWORK_HEADER = YES;
				CLANG_WARN_RANGE_LOOP_ANALYSIS = YES;
				CLANG_WARN_STRICT_PROTOTYPES = YES;
				CLANG_WARN_SUSPICIOUS_MOVE = YES;
				CLANG_WARN_UNGUARDED_AVAILABILITY = YES_AGGRESSIVE;
				CLANG_WARN_UNREACHABLE_CODE = YES;
				CLANG_WARN__DUPLICATE_METHOD_MATCH = YES;
				COPY_PHASE_STRIP = NO;
				DEBUG_INFORMATION_FORMAT = "dwarf-with-dsym";
				ENABLE_NS_ASSERTIONS = NO;
				ENABLE_STRICT_OBJC_MSGSEND = YES;
				GCC_C_LANGUAGE_STANDARD = gnu11;
				GCC_NO_COMMON_BLOCKS = YES;
				GCC_WARN_64_TO_32_BIT_CONVERSION = YES;
				GCC_WARN_ABOUT_RETURN_TYPE = YES_ERROR;
				GCC_WARN_UNDECLARED_SELECTOR = YES;
				GCC_WARN_UNINITIALIZED_AUTOS = YES_AGGRESSIVE;
				GCC_WARN_UNUSED_FUNCTION = YES;
				GCC_WARN_UNUSED_VARIABLE = YES;
				IPHONEOS_DEPLOYMENT_TARGET = 16.1;
				MTL_ENABLE_DEBUG_INFO = NO;
				MTL_FAST_MATH = YES;
				SDKROOT = iphoneos;
				SWIFT_COMPILATION_MODE = wholemodule;
				SWIFT_OPTIMIZATION_LEVEL = "-O";
				VALIDATE_PRODUCT = YES;
			};
			name = Release;
		};
		529DF4DD29F2DF4B00432881 /* Debug */ = {
			isa = XCBuildConfiguration;
			buildSettings = {
				ASSETCATALOG_COMPILER_APPICON_NAME = AppIcon;
				ASSETCATALOG_COMPILER_GLOBAL_ACCENT_COLOR_NAME = AccentColor;
				CODE_SIGN_STYLE = Automatic;
				CURRENT_PROJECT_VERSION = 1;
				DEVELOPMENT_ASSET_PATHS = "\"contact-application/Preview Content\"";
				ENABLE_PREVIEWS = YES;
				GENERATE_INFOPLIST_FILE = YES;
				INFOPLIST_KEY_UIApplicationSceneManifest_Generation = YES;
				INFOPLIST_KEY_UIApplicationSupportsIndirectInputEvents = YES;
				INFOPLIST_KEY_UILaunchScreen_Generation = YES;
				INFOPLIST_KEY_UISupportedInterfaceOrientations_iPad = "UIInterfaceOrientationPortrait UIInterfaceOrientationPortraitUpsideDown UIInterfaceOrientationLandscapeLeft UIInterfaceOrientationLandscapeRight";
				INFOPLIST_KEY_UISupportedInterfaceOrientations_iPhone = "UIInterfaceOrientationPortrait UIInterfaceOrientationLandscapeLeft UIInterfaceOrientationLandscapeRight";
				LD_RUNPATH_SEARCH_PATHS = (
					"$(inherited)",
					"@executable_path/Frameworks",
				);
				MARKETING_VERSION = 1.0;
				PRODUCT_BUNDLE_IDENTIFIER = "taloases.contact-application";
				PRODUCT_NAME = "$(TARGET_NAME)";
				SWIFT_EMIT_LOC_STRINGS = YES;
				SWIFT_VERSION = 5.0;
				TARGETED_DEVICE_FAMILY = "1,2";
			};
			name = Debug;
		};
		529DF4DE29F2DF4B00432881 /* Release */ = {
			isa = XCBuildConfiguration;
			buildSettings = {
				ASSETCATALOG_COMPILER_APPICON_NAME = AppIcon;
				ASSETCATALOG_COMPILER_GLOBAL_ACCENT_COLOR_NAME = AccentColor;
				CODE_SIGN_STYLE = Automatic;
				CURRENT_PROJECT_VERSION = 1;
				DEVELOPMENT_ASSET_PATHS = "\"contact-application/Preview Content\"";
				ENABLE_PREVIEWS = YES;
				GENERATE_INFOPLIST_FILE = YES;
				INFOPLIST_KEY_UIApplicationSceneManifest_Generation = YES;
				INFOPLIST_KEY_UIApplicationSupportsIndirectInputEvents = YES;
				INFOPLIST_KEY_UILaunchScreen_Generation = YES;
				INFOPLIST_KEY_UISupportedInterfaceOrientations_iPad = "UIInterfaceOrientationPortrait UIInterfaceOrientationPortraitUpsideDown UIInterfaceOrientationLandscapeLeft UIInterfaceOrientationLandscapeRight";
				INFOPLIST_KEY_UISupportedInterfaceOrientations_iPhone = "UIInterfaceOrientationPortrait UIInterfaceOrientationLandscapeLeft UIInterfaceOrientationLandscapeRight";
				LD_RUNPATH_SEARCH_PATHS = (
					"$(inherited)",
					"@executable_path/Frameworks",
				);
				MARKETING_VERSION = 1.0;
				PRODUCT_BUNDLE_IDENTIFIER = "taloases.contact-application";
				PRODUCT_NAME = "$(TARGET_NAME)";
				SWIFT_EMIT_LOC_STRINGS = YES;
				SWIFT_VERSION = 5.0;
				TARGETED_DEVICE_FAMILY = "1,2";
			};
			name = Release;
		};
		529DF4E029F2DF4B00432881 /* Debug */ = {
			isa = XCBuildConfiguration;
			buildSettings = {
				ALWAYS_EMBED_SWIFT_STANDARD_LIBRARIES = YES;
				BUNDLE_LOADER = "$(TEST_HOST)";
				CODE_SIGN_STYLE = Automatic;
				CURRENT_PROJECT_VERSION = 1;
				GENERATE_INFOPLIST_FILE = YES;
				IPHONEOS_DEPLOYMENT_TARGET = 16.1;
				MARKETING_VERSION = 1.0;
				PRODUCT_BUNDLE_IDENTIFIER = "taloases.contact-applicationTests";
				PRODUCT_NAME = "$(TARGET_NAME)";
				SWIFT_EMIT_LOC_STRINGS = NO;
				SWIFT_VERSION = 5.0;
				TARGETED_DEVICE_FAMILY = "1,2";
				TEST_HOST = "$(BUILT_PRODUCTS_DIR)/contact-application.app/$(BUNDLE_EXECUTABLE_FOLDER_PATH)/contact-application";
			};
			name = Debug;
		};
		529DF4E129F2DF4B00432881 /* Release */ = {
			isa = XCBuildConfiguration;
			buildSettings = {
				ALWAYS_EMBED_SWIFT_STANDARD_LIBRARIES = YES;
				BUNDLE_LOADER = "$(TEST_HOST)";
				CODE_SIGN_STYLE = Automatic;
				CURRENT_PROJECT_VERSION = 1;
				GENERATE_INFOPLIST_FILE = YES;
				IPHONEOS_DEPLOYMENT_TARGET = 16.1;
				MARKETING_VERSION = 1.0;
				PRODUCT_BUNDLE_IDENTIFIER = "taloases.contact-applicationTests";
				PRODUCT_NAME = "$(TARGET_NAME)";
				SWIFT_EMIT_LOC_STRINGS = NO;
				SWIFT_VERSION = 5.0;
				TARGETED_DEVICE_FAMILY = "1,2";
				TEST_HOST = "$(BUILT_PRODUCTS_DIR)/contact-application.app/$(BUNDLE_EXECUTABLE_FOLDER_PATH)/contact-application";
			};
			name = Release;
		};
		529DF4E329F2DF4B00432881 /* Debug */ = {
			isa = XCBuildConfiguration;
			buildSettings = {
				ALWAYS_EMBED_SWIFT_STANDARD_LIBRARIES = YES;
				CODE_SIGN_STYLE = Automatic;
				CURRENT_PROJECT_VERSION = 1;
				GENERATE_INFOPLIST_FILE = YES;
				MARKETING_VERSION = 1.0;
				PRODUCT_BUNDLE_IDENTIFIER = "taloases.contact-applicationUITests";
				PRODUCT_NAME = "$(TARGET_NAME)";
				SWIFT_EMIT_LOC_STRINGS = NO;
				SWIFT_VERSION = 5.0;
				TARGETED_DEVICE_FAMILY = "1,2";
				TEST_TARGET_NAME = "contact-application";
			};
			name = Debug;
		};
		529DF4E429F2DF4B00432881 /* Release */ = {
			isa = XCBuildConfiguration;
			buildSettings = {
				ALWAYS_EMBED_SWIFT_STANDARD_LIBRARIES = YES;
				CODE_SIGN_STYLE = Automatic;
				CURRENT_PROJECT_VERSION = 1;
				GENERATE_INFOPLIST_FILE = YES;
				MARKETING_VERSION = 1.0;
				PRODUCT_BUNDLE_IDENTIFIER = "taloases.contact-applicationUITests";
				PRODUCT_NAME = "$(TARGET_NAME)";
				SWIFT_EMIT_LOC_STRINGS = NO;
				SWIFT_VERSION = 5.0;
				TARGETED_DEVICE_FAMILY = "1,2";
				TEST_TARGET_NAME = "contact-application";
			};
			name = Release;
		};
/* End XCBuildConfiguration section */

/* Begin XCConfigurationList section */
		529DF4B329F2DF4900432881 /* Build configuration list for PBXProject "contact-application" */ = {
			isa = XCConfigurationList;
			buildConfigurations = (
				529DF4DA29F2DF4B00432881 /* Debug */,
				529DF4DB29F2DF4B00432881 /* Release */,
			);
			defaultConfigurationIsVisible = 0;
			defaultConfigurationName = Release;
		};
		529DF4DC29F2DF4B00432881 /* Build configuration list for PBXNativeTarget "contact-application" */ = {
			isa = XCConfigurationList;
			buildConfigurations = (
				529DF4DD29F2DF4B00432881 /* Debug */,
				529DF4DE29F2DF4B00432881 /* Release */,
			);
			defaultConfigurationIsVisible = 0;
			defaultConfigurationName = Release;
		};
		529DF4DF29F2DF4B00432881 /* Build configuration list for PBXNativeTarget "contact-applicationTests" */ = {
			isa = XCConfigurationList;
			buildConfigurations = (
				529DF4E029F2DF4B00432881 /* Debug */,
				529DF4E129F2DF4B00432881 /* Release */,
			);
			defaultConfigurationIsVisible = 0;
			defaultConfigurationName = Release;
		};
		529DF4E229F2DF4B00432881 /* Build configuration list for PBXNativeTarget "contact-applicationUITests" */ = {
			isa = XCConfigurationList;
			buildConfigurations = (
				529DF4E329F2DF4B00432881 /* Debug */,
				529DF4E429F2DF4B00432881 /* Release */,
			);
			defaultConfigurationIsVisible = 0;
			defaultConfigurationName = Release;
		};
/* End XCConfigurationList section */
	};
	rootObject = 529DF4B029F2DF4900432881 /* Project object */;
}
